{
  "name": "transpiler",
  "version": "1.0.0",
  "lockfileVersion": 1,
  "requires": true,
  "dependencies": {
    "solidity-parser-antlr": {
      "version": "0.3.2",
      "resolved": "https://registry.npmjs.org/solidity-parser-antlr/-/solidity-parser-antlr-0.3.2.tgz",
      "integrity": "sha512-aO/lbnc14A81cQigN5sKNuwbxohPyJOq7kpLirYT/6emCw5Gjb0TJoZ3TzL1tYdIX6gjTAMlQ1UZwOcrzOAp4w=="
    }
  }
}
